<?xml version="1.0" encoding="utf-8"?>
<Project ToolsVersion="4.0" xmlns="http://schemas.microsoft.com/developer/msbuild/2003">
  <ItemGroup>
    <ClInclude Include="GameEngine.h" />
    <ClInclude Include="GameEngineActor.h">
      <Filter>Object\Actor</Filter>
    </ClInclude>
    <ClInclude Include="GameEngineLevel.h">
      <Filter>Object\Level</Filter>
    </ClInclude>
    <ClInclude Include="GameEngineImage.h">
      <Filter>Resource</Filter>
    </ClInclude>
    <ClInclude Include="GameEngineSound.h">
      <Filter>Resource</Filter>
    </ClInclude>
    <ClInclude Include="GameEngineImageManager.h">
      <Filter>Resource\Manager</Filter>
    </ClInclude>
    <ClInclude Include="GameEngineRenderer.h">
      <Filter>Object\Actor\SubObject</Filter>
    </ClInclude>
    <ClInclude Include="GameEngineEnum.h">
      <Filter>Global %28enum%29</Filter>
    </ClInclude>
    <ClInclude Include="GameEngineActorSubObject.h">
      <Filter>Object\Actor\SubObject</Filter>
    </ClInclude>
    <ClInclude Include="GameEngineCollision.h">
      <Filter>Object\Actor\SubObject</Filter>
    </ClInclude>
    <ClInclude Include="GameEngineFolderImage.h">
      <Filter>Resource</Filter>
    </ClInclude>
    <ClInclude Include="GameEngineRendererTileMap.h">
      <Filter>Contents_TileMap</Filter>
    </ClInclude>
  </ItemGroup>
  <ItemGroup>
    <ClCompile Include="GameEngine.cpp" />
    <ClCompile Include="GameEngineActor.cpp">
      <Filter>Object\Actor</Filter>
    </ClCompile>
    <ClCompile Include="GameEngineLevel.cpp">
      <Filter>Object\Level</Filter>
    </ClCompile>
    <ClCompile Include="GameEngineImage.cpp">
      <Filter>Resource</Filter>
    </ClCompile>
    <ClCompile Include="GameEngineSound.cpp">
      <Filter>Resource</Filter>
    </ClCompile>
    <ClCompile Include="GameEngineImageManager.cpp">
      <Filter>Resource\Manager</Filter>
    </ClCompile>
    <ClCompile Include="GameEngineRenderer.cpp">
      <Filter>Object\Actor\SubObject</Filter>
    </ClCompile>
    <ClCompile Include="GameEngineActorSubObject.cpp">
      <Filter>Object\Actor\SubObject</Filter>
    </ClCompile>
    <ClCompile Include="GameEngineCollision.cpp">
      <Filter>Object\Actor\SubObject</Filter>
    </ClCompile>
    <ClCompile Include="GameEngineFolderImage.cpp">
      <Filter>Resource</Filter>
    </ClCompile>
    <ClCompile Include="GameEngineRendererTileMap.cpp">
      <Filter>Contents_TileMap</Filter>
    </ClCompile>
  </ItemGroup>
  <ItemGroup>
    <Filter Include="Object">
      <UniqueIdentifier>{783e3b80-31a9-46dc-92c8-52958cad08c3}</UniqueIdentifier>
    </Filter>
    <Filter Include="Object\Actor">
      <UniqueIdentifier>{1735f1ad-46ac-4f83-8e8b-7226a4d6e6b5}</UniqueIdentifier>
    </Filter>
    <Filter Include="Object\Level">
      <UniqueIdentifier>{84731d27-dfd9-41c5-b9c3-569781ecc520}</UniqueIdentifier>
    </Filter>
    <Filter Include="Resource">
      <UniqueIdentifier>{c7649ba5-a5af-44a6-b618-796a87d7f151}</UniqueIdentifier>
    </Filter>
    <Filter Include="Resource\Manager">
      <UniqueIdentifier>{455b6f2e-1094-4f47-801f-3969aeb209a6}</UniqueIdentifier>
    </Filter>
    <Filter Include="Object\Actor\SubObject">
      <UniqueIdentifier>{c1cd875e-9dd4-49f0-859e-62a92e25a4fe}</UniqueIdentifier>
    </Filter>
    <Filter Include="Global %28enum%29">
      <UniqueIdentifier>{455f9126-cd22-422f-b048-35139dd611f0}</UniqueIdentifier>
    </Filter>
    <Filter Include="Contents_TileMap">
      <UniqueIdentifier>{a2447c31-5b17-4db1-89fa-ef960318a084}</UniqueIdentifier>
    </Filter>
  </ItemGroup>
</Project>